
Microsoft Visual Studio Solution File, Format Version 12.00
# Visual Studio 15
VisualStudioVersion = 15.0.28307.1340
MinimumVisualStudioVersion = 10.0.40219.1
Project("{FAE04EC0-301F-11D3-BF4B-00C04F79EFBC}") = "Shared", "Shared\Shared.csproj", "{F00702ED-768B-406A-98C8-411DFE186167}"
EndProject
Project("{FAE04EC0-301F-11D3-BF4B-00C04F79EFBC}") = "Client", "Client\Client.csproj", "{4142640A-12ED-4D69-997B-9FC363C12C63}"
EndProject
Project("{FAE04EC0-301F-11D3-BF4B-00C04F79EFBC}") = "Server", "Server\Server.csproj", "{C914B741-DD96-43A2-8CE4-CFA31EAB367C}"
EndProject
Global
	GlobalSection(SolutionConfigurationPlatforms) = preSolution
		Debug|Any CPU = Debug|Any CPU
		Release|Any CPU = Release|Any CPU
	EndGlobalSection
	GlobalSection(ProjectConfigurationPlatforms) = postSolution
		{F00702ED-768B-406A-98C8-411DFE186167}.Debug|Any CPU.ActiveCfg = Debug|Any CPU
		{F00702ED-768B-406A-98C8-411DFE186167}.Debug|Any CPU.Build.0 = Debug|Any CPU
		{F00702ED-768B-406A-98C8-411DFE186167}.Release|Any CPU.ActiveCfg = Release|Any CPU
		{F00702ED-768B-406A-98C8-411DFE186167}.Release|Any CPU.Build.0 = Release|Any CPU
		{4142640A-12ED-4D69-997B-9FC363C12C63}.Debug|Any CPU.ActiveCfg = Debug|Any CPU
		{4142640A-12ED-4D69-997B-9FC363C12C63}.Debug|Any CPU.Build.0 = Debug|Any CPU
		{4142640A-12ED-4D69-997B-9FC363C12C63}.Release|Any CPU.ActiveCfg = Release|Any CPU
		{4142640A-12ED-4D69-997B-9FC363C12C63}.Release|Any CPU.Build.0 = Release|Any CPU
		{C914B741-DD96-43A2-8CE4-CFA31EAB367C}.Debug|Any CPU.ActiveCfg = Debug|Any CPU
		{C914B741-DD96-43A2-8CE4-CFA31EAB367C}.Debug|Any CPU.Build.0 = Debug|Any CPU
		{C914B741-DD96-43A2-8CE4-CFA31EAB367C}.Release|Any CPU.ActiveCfg = Release|Any CPU
		{C914B741-DD96-43A2-8CE4-CFA31EAB367C}.Release|Any CPU.Build.0 = Release|Any CPU
	EndGlobalSection
	GlobalSection(SolutionProperties) = preSolution
		HideSolutionNode = FALSE
	EndGlobalSection
	GlobalSection(ExtensibilityGlobals) = postSolution
		SolutionGuid = {6F5060F7-C1AE-4B0A-A10F-1F1838905E30}
	EndGlobalSection
EndGlobal
